// !$*UTF8*$!
{
	archiveVersion = 1;
	classes = {
	};
	objectVersion = 77;
	objects = {

/* Begin PBXBuildFile section */
		07C31EB62F05E1BA0040A4A9 /* Cocoa.framework in Frameworks */ = {isa = PBXBuildFile; fileRef = 07C31EB52F05E1B90040A4A9 /* Cocoa.framework */; };
		07C31EB82F05E1BA0040A4A9 /* XcodeKit.framework in Frameworks */ = {isa = PBXBuildFile; fileRef = 07C31EB72F05E1BA0040A4A9 /* XcodeKit.framework */; };
		07C31EC12F05E1BA0040A4A9 /* extension.appex in Embed Foundation Extensions */ = {isa = PBXBuildFile; fileRef = 07C31EB32F05E1B90040A4A9 /* extension.appex */; settings = {ATTRIBUTES = (RemoveHeadersOnCopy, ); }; };
		07C31ED02F05E2D90040A4A9 /* UpdateSignal.swift in Sources */ = {isa = PBXBuildFile; fileRef = 07C31ECF2F05E2CA0040A4A9 /* UpdateSignal.swift */; };
		07C31ED12F05E2D90040A4A9 /* UpdateSignal.swift in Sources */ = {isa = PBXBuildFile; fileRef = 07C31ECF2F05E2CA0040A4A9 /* UpdateSignal.swift */; };
		07C31ED22F05E2DE0040A4A9 /* AchievementsEngine.swift in Sources */ = {isa = PBXBuildFile; fileRef = 07C31ECE2F05E2B80040A4A9 /* AchievementsEngine.swift */; };
		07C31ED32F05E2DE0040A4A9 /* AchievementsEngine.swift in Sources */ = {isa = PBXBuildFile; fileRef = 07C31ECE2F05E2B80040A4A9 /* AchievementsEngine.swift */; };
		07C31ED42F05E2E40040A4A9 /* AchievementsCatalog.swift in Sources */ = {isa = PBXBuildFile; fileRef = 07C31ECD2F05E2A20040A4A9 /* AchievementsCatalog.swift */; };
		07C31ED52F05E2E40040A4A9 /* AchievementsCatalog.swift in Sources */ = {isa = PBXBuildFile; fileRef = 07C31ECD2F05E2A20040A4A9 /* AchievementsCatalog.swift */; };
		07C31ED62F05E2E90040A4A9 /* StatsStore.swift in Sources */ = {isa = PBXBuildFile; fileRef = 07C31ECC2F05E2900040A4A9 /* StatsStore.swift */; };
		07C31ED72F05E2E90040A4A9 /* StatsStore.swift in Sources */ = {isa = PBXBuildFile; fileRef = 07C31ECC2F05E2900040A4A9 /* StatsStore.swift */; };
		07C31ED82F05E2EE0040A4A9 /* Models.swift in Sources */ = {isa = PBXBuildFile; fileRef = 07C31ECB2F05E2860040A4A9 /* Models.swift */; };
		07C31ED92F05E2EE0040A4A9 /* Models.swift in Sources */ = {isa = PBXBuildFile; fileRef = 07C31ECB2F05E2860040A4A9 /* Models.swift */; };
		07C31EDA2F05E2F30040A4A9 /* AppGroupPaths.swift in Sources */ = {isa = PBXBuildFile; fileRef = 07C31ECA2F05E2770040A4A9 /* AppGroupPaths.swift */; };
		07C31EDB2F05E2F30040A4A9 /* AppGroupPaths.swift in Sources */ = {isa = PBXBuildFile; fileRef = 07C31ECA2F05E2770040A4A9 /* AppGroupPaths.swift */; };
/* End PBXBuildFile section */

/* Begin PBXContainerItemProxy section */
		07C31EBF2F05E1BA0040A4A9 /* PBXContainerItemProxy */ = {
			isa = PBXContainerItemProxy;
			containerPortal = 07C31E932F05E0E40040A4A9 /* Project object */;
			proxyType = 1;
			remoteGlobalIDString = 07C31EB22F05E1B90040A4A9;
			remoteInfo = extension;
		};
/* End PBXContainerItemProxy section */

/* Begin PBXCopyFilesBuildPhase section */
		07C31EC22F05E1BA0040A4A9 /* Embed Foundation Extensions */ = {
			isa = PBXCopyFilesBuildPhase;
			buildActionMask = 2147483647;
			dstPath = "";
			dstSubfolderSpec = 13;
			files = (
				07C31EC12F05E1BA0040A4A9 /* extension.appex in Embed Foundation Extensions */,
			);
			name = "Embed Foundation Extensions";
			runOnlyForDeploymentPostprocessing = 0;
		};
/* End PBXCopyFilesBuildPhase section */

/* Begin PBXFileReference section */
		07C31E9B2F05E0E40040A4A9 /* xcodetrophies.app */ = {isa = PBXFileReference; explicitFileType = wrapper.application; includeInIndex = 0; path = xcodetrophies.app; sourceTree = BUILT_PRODUCTS_DIR; };
		07C31EB32F05E1B90040A4A9 /* extension.appex */ = {isa = PBXFileReference; explicitFileType = "wrapper.app-extension"; includeInIndex = 0; path = extension.appex; sourceTree = BUILT_PRODUCTS_DIR; };
		07C31EB52F05E1B90040A4A9 /* Cocoa.framework */ = {isa = PBXFileReference; lastKnownFileType = wrapper.framework; name = Cocoa.framework; path = System/Library/Frameworks/Cocoa.framework; sourceTree = SDKROOT; };
		07C31EB72F05E1BA0040A4A9 /* XcodeKit.framework */ = {isa = PBXFileReference; lastKnownFileType = wrapper.framework; name = XcodeKit.framework; path = Library/Frameworks/XcodeKit.framework; sourceTree = DEVELOPER_DIR; };
		07C31ECA2F05E2770040A4A9 /* AppGroupPaths.swift */ = {isa = PBXFileReference; lastKnownFileType = sourcecode.swift; path = AppGroupPaths.swift; sourceTree = "<group>"; };
		07C31ECB2F05E2860040A4A9 /* Models.swift */ = {isa = PBXFileReference; lastKnownFileType = sourcecode.swift; path = Models.swift; sourceTree = "<group>"; };
		07C31ECC2F05E2900040A4A9 /* StatsStore.swift */ = {isa = PBXFileReference; lastKnownFileType = sourcecode.swift; path = StatsStore.swift; sourceTree = "<group>"; };
		07C31ECD2F05E2A20040A4A9 /* AchievementsCatalog.swift */ = {isa = PBXFileReference; lastKnownFileType = sourcecode.swift; path = AchievementsCatalog.swift; sourceTree = "<group>"; };
		07C31ECE2F05E2B80040A4A9 /* AchievementsEngine.swift */ = {isa = PBXFileReference; lastKnownFileType = sourcecode.swift; path = AchievementsEngine.swift; sourceTree = "<group>"; };
		07C31ECF2F05E2CA0040A4A9 /* UpdateSignal.swift */ = {isa = PBXFileReference; lastKnownFileType = sourcecode.swift; path = UpdateSignal.swift; sourceTree = "<group>"; };
/* End PBXFileReference section */

/* Begin PBXFileSystemSynchronizedBuildFileExceptionSet section */
		07C31EC52F05E1BA0040A4A9 /* Exceptions for "extension" folder in "extension" target */ = {
			isa = PBXFileSystemSynchronizedBuildFileExceptionSet;
			membershipExceptions = (
				Info.plist,
			);
			target = 07C31EB22F05E1B90040A4A9 /* extension */;
		};
/* End PBXFileSystemSynchronizedBuildFileExceptionSet section */

/* Begin PBXFileSystemSynchronizedRootGroup section */
		07C31E9D2F05E0E40040A4A9 /* xcodetrophies */ = {
			isa = PBXFileSystemSynchronizedRootGroup;
			path = xcodetrophies;
			sourceTree = "<group>";
		};
		07C31EB92F05E1BA0040A4A9 /* extension */ = {
			isa = PBXFileSystemSynchronizedRootGroup;
			exceptions = (
				07C31EC52F05E1BA0040A4A9 /* Exceptions for "extension" folder in "extension" target */,
			);
			path = extension;
			sourceTree = "<group>";
		};
/* End PBXFileSystemSynchronizedRootGroup section */

/* Begin PBXFrameworksBuildPhase section */
		07C31E982F05E0E40040A4A9 /* Frameworks */ = {
			isa = PBXFrameworksBuildPhase;
			buildActionMask = 2147483647;
			files = (
			);
			runOnlyForDeploymentPostprocessing = 0;
		};
		07C31EB02F05E1B90040A4A9 /* Frameworks */ = {
			isa = PBXFrameworksBuildPhase;
			buildActionMask = 2147483647;
			files = (
				07C31EB62F05E1BA0040A4A9 /* Cocoa.framework in Frameworks */,
				07C31EB82F05E1BA0040A4A9 /* XcodeKit.framework in Frameworks */,
			);
			runOnlyForDeploymentPostprocessing = 0;
		};
/* End PBXFrameworksBuildPhase section */

/* Begin PBXGroup section */
		07C31E922F05E0E40040A4A9 = {
			isa = PBXGroup;
			children = (
				07C31EC92F05E25E0040A4A9 /* Shared */,
				07C31E9D2F05E0E40040A4A9 /* xcodetrophies */,
				07C31EB92F05E1BA0040A4A9 /* extension */,
				07C31EB42F05E1B90040A4A9 /* Frameworks */,
				07C31E9C2F05E0E40040A4A9 /* Products */,
			);
			sourceTree = "<group>";
		};
		07C31E9C2F05E0E40040A4A9 /* Products */ = {
			isa = PBXGroup;
			children = (
				07C31E9B2F05E0E40040A4A9 /* xcodetrophies.app */,
				07C31EB32F05E1B90040A4A9 /* extension.appex */,
			);
			name = Products;
			sourceTree = "<group>";
		};
		07C31EB42F05E1B90040A4A9 /* Frameworks */ = {
			isa = PBXGroup;
			children = (
				07C31EB52F05E1B90040A4A9 /* Cocoa.framework */,
				07C31EB72F05E1BA0040A4A9 /* XcodeKit.framework */,
			);
			name = Frameworks;
			sourceTree = "<group>";
		};
		07C31EC92F05E25E0040A4A9 /* Shared */ = {
			isa = PBXGroup;
			children = (
				07C31ECF2F05E2CA0040A4A9 /* UpdateSignal.swift */,
				07C31ECE2F05E2B80040A4A9 /* AchievementsEngine.swift */,
				07C31ECD2F05E2A20040A4A9 /* AchievementsCatalog.swift */,
				07C31ECC2F05E2900040A4A9 /* StatsStore.swift */,
				07C31ECB2F05E2860040A4A9 /* Models.swift */,
				07C31ECA2F05E2770040A4A9 /* AppGroupPaths.swift */,
			);
			path = Shared;
			sourceTree = "<group>";
		};
/* End PBXGroup section */

/* Begin PBXNativeTarget section */
		07C31E9A2F05E0E40040A4A9 /* xcodetrophies */ = {
			isa = PBXNativeTarget;
			buildConfigurationList = 07C31EA62F05E0E50040A4A9 /* Build configuration list for PBXNativeTarget "xcodetrophies" */;
			buildPhases = (
				07C31E972F05E0E40040A4A9 /* Sources */,
				07C31E982F05E0E40040A4A9 /* Frameworks */,
				07C31E992F05E0E40040A4A9 /* Resources */,
				07C31EC22F05E1BA0040A4A9 /* Embed Foundation Extensions */,
			);
			buildRules = (
			);
			dependencies = (
				07C31EC02F05E1BA0040A4A9 /* PBXTargetDependency */,
			);
			fileSystemSynchronizedGroups = (
				07C31E9D2F05E0E40040A4A9 /* xcodetrophies */,
			);
			name = xcodetrophies;
			packageProductDependencies = (
			);
			productName = xcodetrophies;
			productReference = 07C31E9B2F05E0E40040A4A9 /* xcodetrophies.app */;
			productType = "com.apple.product-type.application";
		};
		07C31EB22F05E1B90040A4A9 /* extension */ = {
			isa = PBXNativeTarget;
			buildConfigurationList = 07C31EC62F05E1BA0040A4A9 /* Build configuration list for PBXNativeTarget "extension" */;
			buildPhases = (
				07C31EAF2F05E1B90040A4A9 /* Sources */,
				07C31EB02F05E1B90040A4A9 /* Frameworks */,
				07C31EB12F05E1B90040A4A9 /* Resources */,
			);
			buildRules = (
			);
			dependencies = (
			);
			fileSystemSynchronizedGroups = (
				07C31EB92F05E1BA0040A4A9 /* extension */,
			);
			name = extension;
			packageProductDependencies = (
			);
			productName = extension;
			productReference = 07C31EB32F05E1B90040A4A9 /* extension.appex */;
			productType = "com.apple.product-type.xcode-extension";
		};
/* End PBXNativeTarget section */

/* Begin PBXProject section */
		07C31E932F05E0E40040A4A9 /* Project object */ = {
			isa = PBXProject;
			attributes = {
				BuildIndependentTargetsInParallel = 1;
				LastSwiftUpdateCheck = 2620;
				LastUpgradeCheck = 2620;
				TargetAttributes = {
					07C31E9A2F05E0E40040A4A9 = {
						CreatedOnToolsVersion = 26.2;
					};
					07C31EB22F05E1B90040A4A9 = {
						CreatedOnToolsVersion = 26.2;
					};
				};
			};
			buildConfigurationList = 07C31E962F05E0E40040A4A9 /* Build configuration list for PBXProject "xcodetrophies" */;
			developmentRegion = en;
			hasScannedForEncodings = 0;
			knownRegions = (
				en,
				Base,
			);
			mainGroup = 07C31E922F05E0E40040A4A9;
			minimizedProjectReferenceProxies = 1;
			preferredProjectObjectVersion = 77;
			productRefGroup = 07C31E9C2F05E0E40040A4A9 /* Products */;
			projectDirPath = "";
			projectRoot = "";
			targets = (
				07C31E9A2F05E0E40040A4A9 /* xcodetrophies */,
				07C31EB22F05E1B90040A4A9 /* extension */,
			);
		};
/* End PBXProject section */

/* Begin PBXResourcesBuildPhase section */
		07C31E992F05E0E40040A4A9 /* Resources */ = {
			isa = PBXResourcesBuildPhase;
			buildActionMask = 2147483647;
			files = (
			);
			runOnlyForDeploymentPostprocessing = 0;
		};
		07C31EB12F05E1B90040A4A9 /* Resources */ = {
			isa = PBXResourcesBuildPhase;
			buildActionMask = 2147483647;
			files = (
			);
			runOnlyForDeploymentPostprocessing = 0;
		};
/* End PBXResourcesBuildPhase section */

/* Begin PBXSourcesBuildPhase section */
		07C31E972F05E0E40040A4A9 /* Sources */ = {
			isa = PBXSourcesBuildPhase;
			buildActionMask = 2147483647;
			files = (
				07C31ED42F05E2E40040A4A9 /* AchievementsCatalog.swift in Sources */,
				07C31ED22F05E2DE0040A4A9 /* AchievementsEngine.swift in Sources */,
				07C31ED62F05E2E90040A4A9 /* StatsStore.swift in Sources */,
				07C31EDA2F05E2F30040A4A9 /* AppGroupPaths.swift in Sources */,
				07C31ED02F05E2D90040A4A9 /* UpdateSignal.swift in Sources */,
				07C31ED82F05E2EE0040A4A9 /* Models.swift in Sources */,
			);
			runOnlyForDeploymentPostprocessing = 0;
		};
		07C31EAF2F05E1B90040A4A9 /* Sources */ = {
			isa = PBXSourcesBuildPhase;
			buildActionMask = 2147483647;
			files = (
				07C31ED52F05E2E40040A4A9 /* AchievementsCatalog.swift in Sources */,
				07C31ED32F05E2DE0040A4A9 /* AchievementsEngine.swift in Sources */,
				07C31ED72F05E2E90040A4A9 /* StatsStore.swift in Sources */,
				07C31EDB2F05E2F30040A4A9 /* AppGroupPaths.swift in Sources */,
				07C31ED12F05E2D90040A4A9 /* UpdateSignal.swift in Sources */,
				07C31ED92F05E2EE0040A4A9 /* Models.swift in Sources */,
			);
			runOnlyForDeploymentPostprocessing = 0;
		};
/* End PBXSourcesBuildPhase section */

/* Begin PBXTargetDependency section */
		07C31EC02F05E1BA0040A4A9 /* PBXTargetDependency */ = {
			isa = PBXTargetDependency;
			target = 07C31EB22F05E1B90040A4A9 /* extension */;
			targetProxy = 07C31EBF2F05E1BA0040A4A9 /* PBXContainerItemProxy */;
		};
/* End PBXTargetDependency section */

/* Begin XCBuildConfiguration section */
		07C31EA42F05E0E50040A4A9 /* Debug */ = {
			isa = XCBuildConfiguration;
			buildSettings = {
				ALWAYS_SEARCH_USER_PATHS = NO;
				ASSETCATALOG_COMPILER_GENERATE_SWIFT_ASSET_SYMBOL_EXTENSIONS = YES;
				CLANG_ANALYZER_NONNULL = YES;
				CLANG_ANALYZER_NUMBER_OBJECT_CONVERSION = YES_AGGRESSIVE;
				CLANG_CXX_LANGUAGE_STANDARD = "gnu++20";
				CLANG_ENABLE_MODULES = YES;
				CLANG_ENABLE_OBJC_ARC = YES;
				CLANG_ENABLE_OBJC_WEAK = YES;
				CLANG_WARN_BLOCK_CAPTURE_AUTORELEASING = YES;
				CLANG_WARN_BOOL_CONVERSION = YES;
				CLANG_WARN_COMMA = YES;
				CLANG_WARN_CONSTANT_CONVERSION = YES;
				CLANG_WARN_DEPRECATED_OBJC_IMPLEMENTATIONS = YES;
				CLANG_WARN_DIRECT_OBJC_ISA_USAGE = YES_ERROR;
				CLANG_WARN_DOCUMENTATION_COMMENTS = YES;
				CLANG_WARN_EMPTY_BODY = YES;
				CLANG_WARN_ENUM_CONVERSION = YES;
				CLANG_WARN_INFINITE_RECURSION = YES;
				CLANG_WARN_INT_CONVERSION = YES;
				CLANG_WARN_NON_LITERAL_NULL_CONVERSION = YES;
				CLANG_WARN_OBJC_IMPLICIT_RETAIN_SELF = YES;
				CLANG_WARN_OBJC_LITERAL_CONVERSION = YES;
				CLANG_WARN_OBJC_ROOT_CLASS = YES_ERROR;
				CLANG_WARN_QUOTED_INCLUDE_IN_FRAMEWORK_HEADER = YES;
				CLANG_WARN_RANGE_LOOP_ANALYSIS = YES;
				CLANG_WARN_STRICT_PROTOTYPES = YES;
				CLANG_WARN_SUSPICIOUS_MOVE = YES;
				CLANG_WARN_UNGUARDED_AVAILABILITY = YES_AGGRESSIVE;
				CLANG_WARN_UNREACHABLE_CODE = YES;
				CLANG_WARN__DUPLICATE_METHOD_MATCH = YES;
				COPY_PHASE_STRIP = NO;
				DEBUG_INFORMATION_FORMAT = dwarf;
				DEVELOPMENT_TEAM = 3PU85VZT37;
				ENABLE_STRICT_OBJC_MSGSEND = YES;
				ENABLE_TESTABILITY = YES;
				ENABLE_USER_SCRIPT_SANDBOXING = YES;
				GCC_C_LANGUAGE_STANDARD = gnu17;
				GCC_DYNAMIC_NO_PIC = NO;
				GCC_NO_COMMON_BLOCKS = YES;
				GCC_OPTIMIZATION_LEVEL = 0;
				GCC_PREPROCESSOR_DEFINITIONS = (
					"DEBUG=1",
					"$(inherited)",
				);
				GCC_WARN_64_TO_32_BIT_CONVERSION = YES;
				GCC_WARN_ABOUT_RETURN_TYPE = YES_ERROR;
				GCC_WARN_UNDECLARED_SELECTOR = YES;
				GCC_WARN_UNINITIALIZED_AUTOS = YES_AGGRESSIVE;
				GCC_WARN_UNUSED_FUNCTION = YES;
				GCC_WARN_UNUSED_VARIABLE = YES;
				LOCALIZATION_PREFERS_STRING_CATALOGS = YES;
				MACOSX_DEPLOYMENT_TARGET = 26.2;
				MTL_ENABLE_DEBUG_INFO = INCLUDE_SOURCE;
				MTL_FAST_MATH = YES;
				ONLY_ACTIVE_ARCH = YES;
				SDKROOT = macosx;
				SWIFT_ACTIVE_COMPILATION_CONDITIONS = "DEBUG $(inherited)";
				SWIFT_OPTIMIZATION_LEVEL = "-Onone";
			};
			name = Debug;
		};
		07C31EA52F05E0E50040A4A9 /* Release */ = {
			isa = XCBuildConfiguration;
			buildSettings = {
				ALWAYS_SEARCH_USER_PATHS = NO;
				ASSETCATALOG_COMPILER_GENERATE_SWIFT_ASSET_SYMBOL_EXTENSIONS = YES;
				CLANG_ANALYZER_NONNULL = YES;
				CLANG_ANALYZER_NUMBER_OBJECT_CONVERSION = YES_AGGRESSIVE;
				CLANG_CXX_LANGUAGE_STANDARD = "gnu++20";
				CLANG_ENABLE_MODULES = YES;
				CLANG_ENABLE_OBJC_ARC = YES;
				CLANG_ENABLE_OBJC_WEAK = YES;
				CLANG_WARN_BLOCK_CAPTURE_AUTORELEASING = YES;
				CLANG_WARN_BOOL_CONVERSION = YES;
				CLANG_WARN_COMMA = YES;
				CLANG_WARN_CONSTANT_CONVERSION = YES;
				CLANG_WARN_DEPRECATED_OBJC_IMPLEMENTATIONS = YES;
				CLANG_WARN_DIRECT_OBJC_ISA_USAGE = YES_ERROR;
				CLANG_WARN_DOCUMENTATION_COMMENTS = YES;
				CLANG_WARN_EMPTY_BODY = YES;
				CLANG_WARN_ENUM_CONVERSION = YES;
				CLANG_WARN_INFINITE_RECURSION = YES;
				CLANG_WARN_INT_CONVERSION = YES;
				CLANG_WARN_NON_LITERAL_NULL_CONVERSION = YES;
				CLANG_WARN_OBJC_IMPLICIT_RETAIN_SELF = YES;
				CLANG_WARN_OBJC_LITERAL_CONVERSION = YES;
				CLANG_WARN_OBJC_ROOT_CLASS = YES_ERROR;
				CLANG_WARN_QUOTED_INCLUDE_IN_FRAMEWORK_HEADER = YES;
				CLANG_WARN_RANGE_LOOP_ANALYSIS = YES;
				CLANG_WARN_STRICT_PROTOTYPES = YES;
				CLANG_WARN_SUSPICIOUS_MOVE = YES;
				CLANG_WARN_UNGUARDED_AVAILABILITY = YES_AGGRESSIVE;
				CLANG_WARN_UNREACHABLE_CODE = YES;
				CLANG_WARN__DUPLICATE_METHOD_MATCH = YES;
				COPY_PHASE_STRIP = NO;
				DEBUG_INFORMATION_FORMAT = "dwarf-with-dsym";
				DEVELOPMENT_TEAM = 3PU85VZT37;
				ENABLE_NS_ASSERTIONS = NO;
				ENABLE_STRICT_OBJC_MSGSEND = YES;
				ENABLE_USER_SCRIPT_SANDBOXING = YES;
				GCC_C_LANGUAGE_STANDARD = gnu17;
				GCC_NO_COMMON_BLOCKS = YES;
				GCC_WARN_64_TO_32_BIT_CONVERSION = YES;
				GCC_WARN_ABOUT_RETURN_TYPE = YES_ERROR;
				GCC_WARN_UNDECLARED_SELECTOR = YES;
				GCC_WARN_UNINITIALIZED_AUTOS = YES_AGGRESSIVE;
				GCC_WARN_UNUSED_FUNCTION = YES;
				GCC_WARN_UNUSED_VARIABLE = YES;
				LOCALIZATION_PREFERS_STRING_CATALOGS = YES;
				MACOSX_DEPLOYMENT_TARGET = 26.2;
				MTL_ENABLE_DEBUG_INFO = NO;
				MTL_FAST_MATH = YES;
				SDKROOT = macosx;
				SWIFT_COMPILATION_MODE = wholemodule;
			};
			name = Release;
		};
		07C31EA72F05E0E50040A4A9 /* Debug */ = {
			isa = XCBuildConfiguration;
			buildSettings = {
				ASSETCATALOG_COMPILER_APPICON_NAME = AppIcon;
				ASSETCATALOG_COMPILER_GLOBAL_ACCENT_COLOR_NAME = AccentColor;
				CODE_SIGN_ENTITLEMENTS = xcodetrophies/xcodetrophies.entitlements;
				CODE_SIGN_STYLE = Automatic;
				COMBINE_HIDPI_IMAGES = YES;
				CURRENT_PROJECT_VERSION = 1;
				DEVELOPMENT_TEAM = 3PU85VZT37;
				ENABLE_APP_SANDBOX = YES;
				ENABLE_HARDENED_RUNTIME = YES;
				ENABLE_PREVIEWS = YES;
				ENABLE_USER_SELECTED_FILES = readonly;
				GENERATE_INFOPLIST_FILE = YES;
				INFOPLIST_KEY_NSHumanReadableCopyright = "";
				LD_RUNPATH_SEARCH_PATHS = (
					"$(inherited)",
					"@executable_path/../Frameworks",
				);
				MARKETING_VERSION = 1.0;
				PRODUCT_BUNDLE_IDENTIFIER = com.webdmg.xcodetrophies;
				PRODUCT_NAME = "$(TARGET_NAME)";
				REGISTER_APP_GROUPS = YES;
				STRING_CATALOG_GENERATE_SYMBOLS = YES;
				SWIFT_APPROACHABLE_CONCURRENCY = YES;
				SWIFT_DEFAULT_ACTOR_ISOLATION = MainActor;
				SWIFT_EMIT_LOC_STRINGS = YES;
				SWIFT_UPCOMING_FEATURE_MEMBER_IMPORT_VISIBILITY = YES;
				SWIFT_VERSION = 5.0;
			};
			name = Debug;
		};
		07C31EA82F05E0E50040A4A9 /* Release */ = {
			isa = XCBuildConfiguration;
			buildSettings = {
				ASSETCATALOG_COMPILER_APPICON_NAME = AppIcon;
				ASSETCATALOG_COMPILER_GLOBAL_ACCENT_COLOR_NAME = AccentColor;
				CODE_SIGN_ENTITLEMENTS = xcodetrophies/xcodetrophies.entitlements;
				CODE_SIGN_STYLE = Automatic;
				COMBINE_HIDPI_IMAGES = YES;
				CURRENT_PROJECT_VERSION = 1;
				DEVELOPMENT_TEAM = 3PU85VZT37;
				ENABLE_APP_SANDBOX = YES;
				ENABLE_HARDENED_RUNTIME = YES;
				ENABLE_PREVIEWS = YES;
				ENABLE_USER_SELECTED_FILES = readonly;
				GENERATE_INFOPLIST_FILE = YES;
				INFOPLIST_KEY_NSHumanReadableCopyright = "";
				LD_RUNPATH_SEARCH_PATHS = (
					"$(inherited)",
					"@executable_path/../Frameworks",
				);
				MARKETING_VERSION = 1.0;
				PRODUCT_BUNDLE_IDENTIFIER = com.webdmg.xcodetrophies;
				PRODUCT_NAME = "$(TARGET_NAME)";
				REGISTER_APP_GROUPS = YES;
				STRING_CATALOG_GENERATE_SYMBOLS = YES;
				SWIFT_APPROACHABLE_CONCURRENCY = YES;
				SWIFT_DEFAULT_ACTOR_ISOLATION = MainActor;
				SWIFT_EMIT_LOC_STRINGS = YES;
				SWIFT_UPCOMING_FEATURE_MEMBER_IMPORT_VISIBILITY = YES;
				SWIFT_VERSION = 5.0;
			};
			name = Release;
		};
		07C31EC32F05E1BA0040A4A9 /* Debug */ = {
			isa = XCBuildConfiguration;
			buildSettings = {
				CODE_SIGN_ENTITLEMENTS = extension/extension.entitlements;
				CODE_SIGN_STYLE = Automatic;
				COMBINE_HIDPI_IMAGES = YES;
				CURRENT_PROJECT_VERSION = 1;
				DEVELOPMENT_TEAM = 3PU85VZT37;
				ENABLE_APP_SANDBOX = YES;
				ENABLE_HARDENED_RUNTIME = YES;
				GENERATE_INFOPLIST_FILE = YES;
				INFOPLIST_FILE = extension/Info.plist;
				INFOPLIST_KEY_CFBundleDisplayName = extension;
				INFOPLIST_KEY_NSHumanReadableCopyright = "";
				LD_RUNPATH_SEARCH_PATHS = (
					"$(inherited)",
					"@executable_path/../Frameworks",
					"@executable_path/../../../../Frameworks",
				);
				MARKETING_VERSION = 1.0;
				PRODUCT_BUNDLE_IDENTIFIER = com.webdmg.xcodetrophies.extension;
				PRODUCT_NAME = "$(TARGET_NAME)";
				REGISTER_APP_GROUPS = YES;
				SKIP_INSTALL = YES;
				STRING_CATALOG_GENERATE_SYMBOLS = YES;
				SWIFT_APPROACHABLE_CONCURRENCY = YES;
				SWIFT_EMIT_LOC_STRINGS = YES;
				SWIFT_UPCOMING_FEATURE_MEMBER_IMPORT_VISIBILITY = YES;
				SWIFT_VERSION = 5.0;
			};
			name = Debug;
		};
		07C31EC42F05E1BA0040A4A9 /* Release */ = {
			isa = XCBuildConfiguration;
			buildSettings = {
				CODE_SIGN_ENTITLEMENTS = extension/extension.entitlements;
				CODE_SIGN_STYLE = Automatic;
				COMBINE_HIDPI_IMAGES = YES;
				CURRENT_PROJECT_VERSION = 1;
				DEVELOPMENT_TEAM = 3PU85VZT37;
				ENABLE_APP_SANDBOX = YES;
				ENABLE_HARDENED_RUNTIME = YES;
				GENERATE_INFOPLIST_FILE = YES;
				INFOPLIST_FILE = extension/Info.plist;
				INFOPLIST_KEY_CFBundleDisplayName = extension;
				INFOPLIST_KEY_NSHumanReadableCopyright = "";
				LD_RUNPATH_SEARCH_PATHS = (
					"$(inherited)",
					"@executable_path/../Frameworks",
					"@executable_path/../../../../Frameworks",
				);
				MARKETING_VERSION = 1.0;
				PRODUCT_BUNDLE_IDENTIFIER = com.webdmg.xcodetrophies.extension;
				PRODUCT_NAME = "$(TARGET_NAME)";
				REGISTER_APP_GROUPS = YES;
				SKIP_INSTALL = YES;
				STRING_CATALOG_GENERATE_SYMBOLS = YES;
				SWIFT_APPROACHABLE_CONCURRENCY = YES;
				SWIFT_EMIT_LOC_STRINGS = YES;
				SWIFT_UPCOMING_FEATURE_MEMBER_IMPORT_VISIBILITY = YES;
				SWIFT_VERSION = 5.0;
			};
			name = Release;
		};
/* End XCBuildConfiguration section */

/* Begin XCConfigurationList section */
		07C31E962F05E0E40040A4A9 /* Build configuration list for PBXProject "xcodetrophies" */ = {
			isa = XCConfigurationList;
			buildConfigurations = (
				07C31EA42F05E0E50040A4A9 /* Debug */,
				07C31EA52F05E0E50040A4A9 /* Release */,
			);
			defaultConfigurationIsVisible = 0;
			defaultConfigurationName = Release;
		};
		07C31EA62F05E0E50040A4A9 /* Build configuration list for PBXNativeTarget "xcodetrophies" */ = {
			isa = XCConfigurationList;
			buildConfigurations = (
				07C31EA72F05E0E50040A4A9 /* Debug */,
				07C31EA82F05E0E50040A4A9 /* Release */,
			);
			defaultConfigurationIsVisible = 0;
			defaultConfigurationName = Release;
		};
		07C31EC62F05E1BA0040A4A9 /* Build configuration list for PBXNativeTarget "extension" */ = {
			isa = XCConfigurationList;
			buildConfigurations = (
				07C31EC32F05E1BA0040A4A9 /* Debug */,
				07C31EC42F05E1BA0040A4A9 /* Release */,
			);
			defaultConfigurationIsVisible = 0;
			defaultConfigurationName = Release;
		};
/* End XCConfigurationList section */
	};
	rootObject = 07C31E932F05E0E40040A4A9 /* Project object */;
}
